<?xml version="1.0" encoding="utf-8"?>
<Project ToolsVersion="4.0" xmlns="http://schemas.microsoft.com/developer/msbuild/2003">
  <ItemGroup>
    <Filter Include="demo">
      <UniqueIdentifier>{93995380-89BD-4b04-88EB-625FBE52EBFB}</UniqueIdentifier>
      <Extensions>h;hh;hpp;hxx;h++;hm;inl;inc;ipp;xsd</Extensions>
    </Filter>
    <Filter Include="src">
      <UniqueIdentifier>{4FC737F1-C7A5-4376-A066-2A32D752A2FF}</UniqueIdentifier>
      <Extensions>cpp;c;cc;cxx;c++;cppm;ixx;def;odl;idl;hpj;bat;asm;asmx</Extensions>
    </Filter>
    <Filter Include="src\include">
      <UniqueIdentifier>{71615783-1b0b-4f1d-8a93-34dc7e912d9f}</UniqueIdentifier>
    </Filter>
    <Filter Include="demo\net">
      <UniqueIdentifier>{77885bb2-4b25-48d0-89f9-f70333f2afd3}</UniqueIdentifier>
    </Filter>
    <Filter Include="demo\include">
      <UniqueIdentifier>{cbf7e079-09fc-4cb6-ac3d-219629a74dbf}</UniqueIdentifier>
    </Filter>
  </ItemGroup>
  <ItemGroup>
    <ClInclude Include="..\..\..\..\src\include\HttpFlvServerCom.h">
      <Filter>src\include</Filter>
    </ClInclude>
    <ClInclude Include="..\..\..\..\src\include\HttpFlvServerInf.h">
      <Filter>src\include</Filter>
    </ClInclude>
    <ClInclude Include="..\..\..\..\demo\HttpFlvServerDemo.h">
      <Filter>demo</Filter>
    </ClInclude>
    <ClInclude Include="..\..\..\..\demo\HttpFlvServerIO.h">
      <Filter>demo</Filter>
    </ClInclude>
    <ClInclude Include="..\..\..\..\demo\net\include\NetAdapter.h">
      <Filter>demo\include</Filter>
    </ClInclude>
    <ClInclude Include="..\..\..\..\demo\net\include\TcpSocket.h">
      <Filter>demo\include</Filter>
    </ClInclude>
  </ItemGroup>
  <ItemGroup>
    <ClCompile Include="..\..\..\..\demo\HttpFlvServerDemo.cpp">
      <Filter>demo</Filter>
    </ClCompile>
    <ClCompile Include="..\..\..\..\demo\HttpFlvServerIO.cpp">
      <Filter>demo</Filter>
    </ClCompile>
    <ClCompile Include="..\..\..\..\demo\main.cpp">
      <Filter>demo</Filter>
    </ClCompile>
    <ClCompile Include="..\..\..\..\demo\net\TcpSocketWin.cpp">
      <Filter>demo\net</Filter>
    </ClCompile>
  </ItemGroup>
</Project>